{
  "originHash" : "cb44f5b257b72d04ad4bee9b59dd0b4069a1c850f82e935cc9e4bc0dbf5aa59d",
  "pins" : [
    {
      "identity" : "haishinkit.swift",
      "kind" : "remoteSourceControl",
      "location" : "https://github.com/HaishinKit/HaishinKit.swift",
      "state" : {
        "revision" : "1e0ac112e23af4f5e72b953d7f7da2372b0a7545",
        "version" : "2.0.9"
      }
    },
    {
      "identity" : "logboard",
      "kind" : "remoteSourceControl",
      "location" : "https://github.com/shogo4405/Logboard.git",
      "state" : {
        "revision" : "272976e1f3e8873e60ffe4b08fe50df48a93751b",
        "version" : "2.5.0"
      }
    }
  ],
  "version" : 3
}
